
Microsoft Visual Studio Solution File, Format Version 12.00
# Visual Studio Version 17
VisualStudioVersion = 17.0.31903.59
MinimumVisualStudioVersion = 10.0.40219.1
Project("{2150E333-8FDC-42A3-9474-1A3956D46DE8}") = "src", "src", "{4663BAED-62F4-4993-9900-16C02F8A18BC}"
EndProject
Project("{2150E333-8FDC-42A3-9474-1A3956D46DE8}") = "services", "services", "{90C86BF3-0088-498D-80FB-A68946FE549F}"
EndProject
Project("{2150E333-8FDC-42A3-9474-1A3956D46DE8}") = "Catalog", "Catalog", "{C1347901-DD0C-406F-89CE-A387BCE84DC3}"
EndProject
Project("{9A19103F-16F7-4668-BE54-9A1E7A4F7556}") = "Catalog.API", "src\Services\Catalog\Catalog.API\Catalog.API.csproj", "{19470ECD-B534-4F08-84ED-442CFFB05E79}"
EndProject
Project("{2150E333-8FDC-42A3-9474-1A3956D46DE8}") = "Auth", "Auth", "{4AB2A564-9BDD-4012-B24E-F2D37116958D}"
EndProject
Project("{9A19103F-16F7-4668-BE54-9A1E7A4F7556}") = "Auth.API", "src\Services\Auth\Auth.API\Auth.API.csproj", "{80C9971E-EA00-4751-AFE7-CA81D142CF88}"
EndProject
Project("{2150E333-8FDC-42A3-9474-1A3956D46DE8}") = "Backet", "Backet", "{57C739DA-27C2-4671-B331-2D492D8ACC0B}"
EndProject
Project("{9A19103F-16F7-4668-BE54-9A1E7A4F7556}") = "Backet.API", "src\Services\Backet\Backet.API\Backet.API.csproj", "{25D6DD3A-06DD-477E-AF9C-619DCC8925B7}"
EndProject
Project("{E53339B2-1760-4266-BCC7-CA923CBCF16C}") = "docker-compose", "docker-compose.dcproj", "{51DC4D06-EF12-43AC-B3F3-847E01DFEE2A}"
EndProject
Project("{2150E333-8FDC-42A3-9474-1A3956D46DE8}") = "ApiGateway", "ApiGateway", "{0B2C2F9C-6CD4-417C-A1E5-E23143C2AFDE}"
EndProject
Project("{FAE04EC0-301F-11D3-BF4B-00C04F79EFBC}") = "OcelotApiGateway", "src\ApiGateway\OcelotApiGateway\OcelotApiGateway.csproj", "{01DEB73B-0B1A-450E-8184-EB17FDC298FE}"
EndProject
Global
	GlobalSection(SolutionConfigurationPlatforms) = preSolution
		Debug|Any CPU = Debug|Any CPU
		Release|Any CPU = Release|Any CPU
	EndGlobalSection
	GlobalSection(ProjectConfigurationPlatforms) = postSolution
		{19470ECD-B534-4F08-84ED-442CFFB05E79}.Debug|Any CPU.ActiveCfg = Debug|Any CPU
		{19470ECD-B534-4F08-84ED-442CFFB05E79}.Debug|Any CPU.Build.0 = Debug|Any CPU
		{19470ECD-B534-4F08-84ED-442CFFB05E79}.Release|Any CPU.ActiveCfg = Release|Any CPU
		{19470ECD-B534-4F08-84ED-442CFFB05E79}.Release|Any CPU.Build.0 = Release|Any CPU
		{80C9971E-EA00-4751-AFE7-CA81D142CF88}.Debug|Any CPU.ActiveCfg = Debug|Any CPU
		{80C9971E-EA00-4751-AFE7-CA81D142CF88}.Debug|Any CPU.Build.0 = Debug|Any CPU
		{80C9971E-EA00-4751-AFE7-CA81D142CF88}.Release|Any CPU.ActiveCfg = Release|Any CPU
		{80C9971E-EA00-4751-AFE7-CA81D142CF88}.Release|Any CPU.Build.0 = Release|Any CPU
		{25D6DD3A-06DD-477E-AF9C-619DCC8925B7}.Debug|Any CPU.ActiveCfg = Debug|Any CPU
		{25D6DD3A-06DD-477E-AF9C-619DCC8925B7}.Debug|Any CPU.Build.0 = Debug|Any CPU
		{25D6DD3A-06DD-477E-AF9C-619DCC8925B7}.Release|Any CPU.ActiveCfg = Release|Any CPU
		{25D6DD3A-06DD-477E-AF9C-619DCC8925B7}.Release|Any CPU.Build.0 = Release|Any CPU
		{51DC4D06-EF12-43AC-B3F3-847E01DFEE2A}.Debug|Any CPU.ActiveCfg = Debug|Any CPU
		{51DC4D06-EF12-43AC-B3F3-847E01DFEE2A}.Debug|Any CPU.Build.0 = Debug|Any CPU
		{51DC4D06-EF12-43AC-B3F3-847E01DFEE2A}.Release|Any CPU.ActiveCfg = Release|Any CPU
		{51DC4D06-EF12-43AC-B3F3-847E01DFEE2A}.Release|Any CPU.Build.0 = Release|Any CPU
		{01DEB73B-0B1A-450E-8184-EB17FDC298FE}.Debug|Any CPU.ActiveCfg = Debug|Any CPU
		{01DEB73B-0B1A-450E-8184-EB17FDC298FE}.Debug|Any CPU.Build.0 = Debug|Any CPU
		{01DEB73B-0B1A-450E-8184-EB17FDC298FE}.Release|Any CPU.ActiveCfg = Release|Any CPU
		{01DEB73B-0B1A-450E-8184-EB17FDC298FE}.Release|Any CPU.Build.0 = Release|Any CPU
	EndGlobalSection
	GlobalSection(SolutionProperties) = preSolution
		HideSolutionNode = FALSE
	EndGlobalSection
	GlobalSection(NestedProjects) = preSolution
		{90C86BF3-0088-498D-80FB-A68946FE549F} = {4663BAED-62F4-4993-9900-16C02F8A18BC}
		{C1347901-DD0C-406F-89CE-A387BCE84DC3} = {90C86BF3-0088-498D-80FB-A68946FE549F}
		{19470ECD-B534-4F08-84ED-442CFFB05E79} = {C1347901-DD0C-406F-89CE-A387BCE84DC3}
		{4AB2A564-9BDD-4012-B24E-F2D37116958D} = {90C86BF3-0088-498D-80FB-A68946FE549F}
		{80C9971E-EA00-4751-AFE7-CA81D142CF88} = {4AB2A564-9BDD-4012-B24E-F2D37116958D}
		{57C739DA-27C2-4671-B331-2D492D8ACC0B} = {90C86BF3-0088-498D-80FB-A68946FE549F}
		{25D6DD3A-06DD-477E-AF9C-619DCC8925B7} = {57C739DA-27C2-4671-B331-2D492D8ACC0B}
		{0B2C2F9C-6CD4-417C-A1E5-E23143C2AFDE} = {4663BAED-62F4-4993-9900-16C02F8A18BC}
		{01DEB73B-0B1A-450E-8184-EB17FDC298FE} = {0B2C2F9C-6CD4-417C-A1E5-E23143C2AFDE}
	EndGlobalSection
	GlobalSection(ExtensibilityGlobals) = postSolution
		SolutionGuid = {2426217E-FA99-4B50-B7AF-81795EE34A88}
	EndGlobalSection
EndGlobal
