
Microsoft Visual Studio Solution File, Format Version 12.00
# Visual Studio Version 17
VisualStudioVersion = 17.0.31903.59
MinimumVisualStudioVersion = 10.0.40219.1
Project("{2150E333-8FDC-42A3-9474-1A3956D46DE8}") = "src", "src", "{1310E0A3-6BF4-4F76-81A5-4B19F9C02252}"
EndProject
Project("{FAE04EC0-301F-11D3-BF4B-00C04F79EFBC}") = "Gateway.WebApi", "src\Gateway.WebApi\Gateway.WebApi.csproj", "{4FBAFED2-CE31-4C97-BCA9-0D76C0BC01BF}"
EndProject
Project("{2150E333-8FDC-42A3-9474-1A3956D46DE8}") = "services", "services", "{761E1D40-DB59-4BED-8D78-41D3257E111B}"
EndProject
Project("{FAE04EC0-301F-11D3-BF4B-00C04F79EFBC}") = "User.WebApi", "src\services\User.WebApi\User.WebApi.csproj", "{7A03F29B-B589-4CFE-98FB-27CA81BFCDD3}"
EndProject
Project("{FAE04EC0-301F-11D3-BF4B-00C04F79EFBC}") = "Car.WebApi", "src\services\Car.WebApi\Car.WebApi.csproj", "{6373EA2B-D5B5-42BE-B5FD-52273A419E47}"
EndProject
Project("{FAE04EC0-301F-11D3-BF4B-00C04F79EFBC}") = "Company.WebApi", "src\services\Company.WebApi\Company.WebApi.csproj", "{F7806B4C-1FD1-49CB-A080-66BFC5AD9C75}"
EndProject
Project("{E53339B2-1760-4266-BCC7-CA923CBCF16C}") = "docker-compose", "docker-compose.dcproj", "{F8C46786-48F5-462D-A717-060DF40FCF5F}"
EndProject
Global
	GlobalSection(SolutionConfigurationPlatforms) = preSolution
		Debug|Any CPU = Debug|Any CPU
		Release|Any CPU = Release|Any CPU
	EndGlobalSection
	GlobalSection(ProjectConfigurationPlatforms) = postSolution
		{4FBAFED2-CE31-4C97-BCA9-0D76C0BC01BF}.Debug|Any CPU.ActiveCfg = Debug|Any CPU
		{4FBAFED2-CE31-4C97-BCA9-0D76C0BC01BF}.Debug|Any CPU.Build.0 = Debug|Any CPU
		{4FBAFED2-CE31-4C97-BCA9-0D76C0BC01BF}.Release|Any CPU.ActiveCfg = Release|Any CPU
		{4FBAFED2-CE31-4C97-BCA9-0D76C0BC01BF}.Release|Any CPU.Build.0 = Release|Any CPU
		{7A03F29B-B589-4CFE-98FB-27CA81BFCDD3}.Debug|Any CPU.ActiveCfg = Debug|Any CPU
		{7A03F29B-B589-4CFE-98FB-27CA81BFCDD3}.Debug|Any CPU.Build.0 = Debug|Any CPU
		{7A03F29B-B589-4CFE-98FB-27CA81BFCDD3}.Release|Any CPU.ActiveCfg = Release|Any CPU
		{7A03F29B-B589-4CFE-98FB-27CA81BFCDD3}.Release|Any CPU.Build.0 = Release|Any CPU
		{6373EA2B-D5B5-42BE-B5FD-52273A419E47}.Debug|Any CPU.ActiveCfg = Debug|Any CPU
		{6373EA2B-D5B5-42BE-B5FD-52273A419E47}.Debug|Any CPU.Build.0 = Debug|Any CPU
		{6373EA2B-D5B5-42BE-B5FD-52273A419E47}.Release|Any CPU.ActiveCfg = Release|Any CPU
		{6373EA2B-D5B5-42BE-B5FD-52273A419E47}.Release|Any CPU.Build.0 = Release|Any CPU
		{F7806B4C-1FD1-49CB-A080-66BFC5AD9C75}.Debug|Any CPU.ActiveCfg = Debug|Any CPU
		{F7806B4C-1FD1-49CB-A080-66BFC5AD9C75}.Debug|Any CPU.Build.0 = Debug|Any CPU
		{F7806B4C-1FD1-49CB-A080-66BFC5AD9C75}.Release|Any CPU.ActiveCfg = Release|Any CPU
		{F7806B4C-1FD1-49CB-A080-66BFC5AD9C75}.Release|Any CPU.Build.0 = Release|Any CPU
		{F8C46786-48F5-462D-A717-060DF40FCF5F}.Debug|Any CPU.ActiveCfg = Debug|Any CPU
		{F8C46786-48F5-462D-A717-060DF40FCF5F}.Debug|Any CPU.Build.0 = Debug|Any CPU
		{F8C46786-48F5-462D-A717-060DF40FCF5F}.Release|Any CPU.ActiveCfg = Release|Any CPU
		{F8C46786-48F5-462D-A717-060DF40FCF5F}.Release|Any CPU.Build.0 = Release|Any CPU
	EndGlobalSection
	GlobalSection(SolutionProperties) = preSolution
		HideSolutionNode = FALSE
	EndGlobalSection
	GlobalSection(NestedProjects) = preSolution
		{4FBAFED2-CE31-4C97-BCA9-0D76C0BC01BF} = {1310E0A3-6BF4-4F76-81A5-4B19F9C02252}
		{761E1D40-DB59-4BED-8D78-41D3257E111B} = {1310E0A3-6BF4-4F76-81A5-4B19F9C02252}
		{7A03F29B-B589-4CFE-98FB-27CA81BFCDD3} = {761E1D40-DB59-4BED-8D78-41D3257E111B}
		{6373EA2B-D5B5-42BE-B5FD-52273A419E47} = {761E1D40-DB59-4BED-8D78-41D3257E111B}
		{F7806B4C-1FD1-49CB-A080-66BFC5AD9C75} = {761E1D40-DB59-4BED-8D78-41D3257E111B}
	EndGlobalSection
	GlobalSection(ExtensibilityGlobals) = postSolution
		SolutionGuid = {CC39E23F-CBE0-4848-83CE-16811615ACF0}
	EndGlobalSection
EndGlobal
