
Microsoft Visual Studio Solution File, Format Version 12.00
# Visual Studio Version 17
VisualStudioVersion = 17.0.31903.59
MinimumVisualStudioVersion = 10.0.40219.1
Project("{2150E333-8FDC-42A3-9474-1A3956D46DE8}") = "src", "src", "{1310E0A3-6BF4-4F76-81A5-4B19F9C02252}"
EndProject
Project("{FAE04EC0-301F-11D3-BF4B-00C04F79EFBC}") = "Gateway.WebApi", "src\Gateway.WebApi\Gateway.WebApi.csproj", "{4FBAFED2-CE31-4C97-BCA9-0D76C0BC01BF}"
EndProject
Global
	GlobalSection(SolutionConfigurationPlatforms) = preSolution
		Debug|Any CPU = Debug|Any CPU
		Release|Any CPU = Release|Any CPU
	EndGlobalSection
	GlobalSection(ProjectConfigurationPlatforms) = postSolution
		{4FBAFED2-CE31-4C97-BCA9-0D76C0BC01BF}.Debug|Any CPU.ActiveCfg = Debug|Any CPU
		{4FBAFED2-CE31-4C97-BCA9-0D76C0BC01BF}.Debug|Any CPU.Build.0 = Debug|Any CPU
		{4FBAFED2-CE31-4C97-BCA9-0D76C0BC01BF}.Release|Any CPU.ActiveCfg = Release|Any CPU
		{4FBAFED2-CE31-4C97-BCA9-0D76C0BC01BF}.Release|Any CPU.Build.0 = Release|Any CPU
	EndGlobalSection
	GlobalSection(SolutionProperties) = preSolution
		HideSolutionNode = FALSE
	EndGlobalSection
	GlobalSection(NestedProjects) = preSolution
		{4FBAFED2-CE31-4C97-BCA9-0D76C0BC01BF} = {1310E0A3-6BF4-4F76-81A5-4B19F9C02252}
	EndGlobalSection
EndGlobal
